
Microsoft Visual Studio Solution File, Format Version 12.00
# Visual Studio Version 17
VisualStudioVersion = 17.7.34221.43
MinimumVisualStudioVersion = 10.0.40219.1
Project("{9A19103F-16F7-4668-BE54-9A1E7A4F7556}") = "WebApiii", "WebApiii\WebApiii.csproj", "{8DE2BA18-4C98-4884-A6D0-831AD344DE02}"
EndProject
Project("{E53339B2-1760-4266-BCC7-CA923CBCF16C}") = "docker-compose", "docker-compose.dcproj", "{3BE81B3C-9274-4A45-B0D6-977D6DCE743E}"
EndProject
Global
	GlobalSection(SolutionConfigurationPlatforms) = preSolution
		Debug|Any CPU = Debug|Any CPU
		Release|Any CPU = Release|Any CPU
	EndGlobalSection
	GlobalSection(ProjectConfigurationPlatforms) = postSolution
		{8DE2BA18-4C98-4884-A6D0-831AD344DE02}.Debug|Any CPU.ActiveCfg = Debug|Any CPU
		{8DE2BA18-4C98-4884-A6D0-831AD344DE02}.Debug|Any CPU.Build.0 = Debug|Any CPU
		{8DE2BA18-4C98-4884-A6D0-831AD344DE02}.Release|Any CPU.ActiveCfg = Release|Any CPU
		{8DE2BA18-4C98-4884-A6D0-831AD344DE02}.Release|Any CPU.Build.0 = Release|Any CPU
		{3BE81B3C-9274-4A45-B0D6-977D6DCE743E}.Debug|Any CPU.ActiveCfg = Debug|Any CPU
		{3BE81B3C-9274-4A45-B0D6-977D6DCE743E}.Debug|Any CPU.Build.0 = Debug|Any CPU
		{3BE81B3C-9274-4A45-B0D6-977D6DCE743E}.Release|Any CPU.ActiveCfg = Release|Any CPU
		{3BE81B3C-9274-4A45-B0D6-977D6DCE743E}.Release|Any CPU.Build.0 = Release|Any CPU
	EndGlobalSection
	GlobalSection(SolutionProperties) = preSolution
		HideSolutionNode = FALSE
	EndGlobalSection
	GlobalSection(ExtensibilityGlobals) = postSolution
		SolutionGuid = {7FF43BAF-05CB-483A-BAB1-F793AA9C2152}
	EndGlobalSection
EndGlobal
